
Microsoft Visual Studio Solution File, Format Version 12.00
# Visual Studio Version 16
VisualStudioVersion = 16.0.29926.136
MinimumVisualStudioVersion = 10.0.40219.1
Project("{FAE04EC0-301F-11D3-BF4B-00C04F79EFBC}") = "AplicacionConsola", "AplicacionConsola.csproj", "{4626220C-1000-400D-8E66-031087060D9D}"
EndProject
Global
	GlobalSection(SolutionConfigurationPlatforms) = preSolution
		Debug|Any CPU = Debug|Any CPU
		Release|Any CPU = Release|Any CPU
	EndGlobalSection
	GlobalSection(ProjectConfigurationPlatforms) = postSolution
		{4626220C-1000-400D-8E66-031087060D9D}.Debug|Any CPU.ActiveCfg = Debug|Any CPU
		{4626220C-1000-400D-8E66-031087060D9D}.Debug|Any CPU.Build.0 = Debug|Any CPU
		{4626220C-1000-400D-8E66-031087060D9D}.Release|Any CPU.ActiveCfg = Release|Any CPU
		{4626220C-1000-400D-8E66-031087060D9D}.Release|Any CPU.Build.0 = Release|Any CPU
	EndGlobalSection
	GlobalSection(SolutionProperties) = preSolution
		HideSolutionNode = FALSE
	EndGlobalSection
	GlobalSection(ExtensibilityGlobals) = postSolution
		SolutionGuid = {CFB4F3AC-331C-41B9-BEDF-04E367262217}
	EndGlobalSection
EndGlobal
